
Microsoft Visual Studio Solution File, Format Version 11.00
# Visual Studio 2010
Project("{8BC9CEB8-8B4A-11D0-8D11-00A0C91BC942}") = "tree_lite", "tree_lite.vcxproj", "{B5592B5A-523F-4118-89EE-5CDA853BE36D}"
EndProject
Global
	GlobalSection(SolutionConfigurationPlatforms) = preSolution
		Debug|Win32 = Debug|Win32
		Release|Win32 = Release|Win32
	EndGlobalSection
	GlobalSection(ProjectConfigurationPlatforms) = postSolution
		{B5592B5A-523F-4118-89EE-5CDA853BE36D}.Debug|Win32.ActiveCfg = Debug|Win32
		{B5592B5A-523F-4118-89EE-5CDA853BE36D}.Debug|Win32.Build.0 = Debug|Win32
		{B5592B5A-523F-4118-89EE-5CDA853BE36D}.Release|Win32.ActiveCfg = Release|Win32
		{B5592B5A-523F-4118-89EE-5CDA853BE36D}.Release|Win32.Build.0 = Release|Win32
	EndGlobalSection
	GlobalSection(SolutionProperties) = preSolution
		HideSolutionNode = FALSE
	EndGlobalSection
EndGlobal
